{
  "nodes": {
    "devshell": {
      "inputs": {
        "nixpkgs": [
          "nixvim",
          "nixpkgs"
        ]
      },
      "locked": {
        "lastModified": 1728330715,
        "narHash": "sha256-xRJ2nPOXb//u1jaBnDP56M7v5ldavjbtR6lfGqSvcKg=",
        "owner": "numtide",
        "repo": "devshell",
        "rev": "dd6b80932022cea34a019e2bb32f6fa9e494dfef",
        "type": "github"
      },
      "original": {
        "owner": "numtide",
        "repo": "devshell",
        "type": "github"
      }
    },
    "flake-compat": {
      "locked": {
        "lastModified": 1696426674,
        "narHash": "sha256-kvjfFW7WAETZlt09AgDn1MrtKzP7t90Vf7vypd3OL1U=",
        "rev": "0f9255e01c2351cc7d116c072cb317785dd33b33",
        "revCount": 57,
        "type": "tarball",
        "url": "https://api.flakehub.com/f/pinned/edolstra/flake-compat/1.0.1/018afb31-abd1-7bff-a5e4-cff7e18efb7a/source.tar.gz"
      },
      "original": {
        "type": "tarball",
        "url": "https://flakehub.com/f/edolstra/flake-compat/1.tar.gz"
      }
    },
    "flake-parts": {
      "inputs": {
        "nixpkgs-lib": "nixpkgs-lib"
      },
      "locked": {
        "lastModified": 1727826117,
        "narHash": "sha256-K5ZLCyfO/Zj9mPFldf3iwS6oZStJcU4tSpiXTMYaaL0=",
        "owner": "hercules-ci",
        "repo": "flake-parts",
        "rev": "3d04084d54bedc3d6b8b736c70ef449225c361b1",
        "type": "github"
      },
      "original": {
        "owner": "hercules-ci",
        "repo": "flake-parts",
        "type": "github"
      }
    },
    "flake-parts_2": {
      "inputs": {
        "nixpkgs-lib": [
          "nixvim",
          "nixpkgs"
        ]
      },
      "locked": {
        "lastModified": 1727826117,
        "narHash": "sha256-K5ZLCyfO/Zj9mPFldf3iwS6oZStJcU4tSpiXTMYaaL0=",
        "owner": "hercules-ci",
        "repo": "flake-parts",
        "rev": "3d04084d54bedc3d6b8b736c70ef449225c361b1",
        "type": "github"
      },
      "original": {
        "owner": "hercules-ci",
        "repo": "flake-parts",
        "type": "github"
      }
    },
    "flake-utils": {
      "inputs": {
        "systems": "systems"
      },
      "locked": {
        "lastModified": 1726560853,
        "narHash": "sha256-X6rJYSESBVr3hBoH0WbKE5KvhPU5bloyZ2L4K60/fPQ=",
        "owner": "numtide",
        "repo": "flake-utils",
        "rev": "c1dfcf08411b08f6b8615f7d8971a2bfa81d5e8a",
        "type": "github"
      },
      "original": {
        "owner": "numtide",
        "repo": "flake-utils",
        "type": "github"
      }
    },
    "git-hooks": {
      "inputs": {
        "flake-compat": [
          "nixvim",
          "flake-compat"
        ],
        "gitignore": "gitignore",
        "nixpkgs": [
          "nixvim",
          "nixpkgs"
        ],
        "nixpkgs-stable": [
          "nixvim",
          "nixpkgs"
        ]
      },
      "locked": {
        "lastModified": 1728727368,
        "narHash": "sha256-7FMyNISP7K6XDSIt1NJxkXZnEdV3HZUXvFoBaJ/qdOg=",
        "owner": "cachix",
        "repo": "git-hooks.nix",
        "rev": "eb74e0be24a11a1531b5b8659535580554d30b28",
        "type": "github"
      },
      "original": {
        "owner": "cachix",
        "repo": "git-hooks.nix",
        "type": "github"
      }
    },
    "gitignore": {
      "inputs": {
        "nixpkgs": [
          "nixvim",
          "git-hooks",
          "nixpkgs"
        ]
      },
      "locked": {
        "lastModified": 1709087332,
        "narHash": "sha256-HG2cCnktfHsKV0s4XW83gU3F57gaTljL9KNSuG6bnQs=",
        "owner": "hercules-ci",
        "repo": "gitignore.nix",
        "rev": "637db329424fd7e46cf4185293b9cc8c88c95394",
        "type": "github"
      },
      "original": {
        "owner": "hercules-ci",
        "repo": "gitignore.nix",
        "type": "github"
      }
    },
    "home-manager": {
      "inputs": {
        "nixpkgs": [
          "nixvim",
          "nixpkgs"
        ]
      },
      "locked": {
        "lastModified": 1728726232,
        "narHash": "sha256-8ZWr1HpciQsrFjvPMvZl0W+b0dilZOqXPoKa2Ux36bc=",
        "owner": "nix-community",
        "repo": "home-manager",
        "rev": "d57112db877f07387ce7104b5ac346ede556d2d7",
        "type": "github"
      },
      "original": {
        "owner": "nix-community",
        "repo": "home-manager",
        "type": "github"
      }
    },
    "nix-darwin": {
      "inputs": {
        "nixpkgs": [
          "nixvim",
          "nixpkgs"
        ]
      },
      "locked": {
        "lastModified": 1728385805,
        "narHash": "sha256-mUd38b0vhB7yzgAjNOaFz7VY9xIVzlbn3P2wjGBcVV0=",
        "owner": "lnl7",
        "repo": "nix-darwin",
        "rev": "48b50b3b137be5cfb9f4d006835ce7c3fe558ccc",
        "type": "github"
      },
      "original": {
        "owner": "lnl7",
        "repo": "nix-darwin",
        "type": "github"
      }
    },
    "nixpkgs": {
      "locked": {
        "lastModified": 1728492678,
        "narHash": "sha256-9UTxR8eukdg+XZeHgxW5hQA9fIKHsKCdOIUycTryeVw=",
        "owner": "nixos",
        "repo": "nixpkgs",
        "rev": "5633bcff0c6162b9e4b5f1264264611e950c8ec7",
        "type": "github"
      },
      "original": {
        "owner": "nixos",
        "ref": "nixos-unstable",
        "repo": "nixpkgs",
        "type": "github"
      }
    },
    "nixpkgs-lib": {
      "locked": {
        "lastModified": 1727825735,
        "narHash": "sha256-0xHYkMkeLVQAMa7gvkddbPqpxph+hDzdu1XdGPJR+Os=",
        "type": "tarball",
        "url": "https://github.com/NixOS/nixpkgs/archive/fb192fec7cc7a4c26d51779e9bab07ce6fa5597a.tar.gz"
      },
      "original": {
        "type": "tarball",
        "url": "https://github.com/NixOS/nixpkgs/archive/fb192fec7cc7a4c26d51779e9bab07ce6fa5597a.tar.gz"
      }
    },
    "nixpkgs_2": {
      "locked": {
        "lastModified": 1728492678,
        "narHash": "sha256-9UTxR8eukdg+XZeHgxW5hQA9fIKHsKCdOIUycTryeVw=",
        "owner": "NixOS",
        "repo": "nixpkgs",
        "rev": "5633bcff0c6162b9e4b5f1264264611e950c8ec7",
        "type": "github"
      },
      "original": {
        "owner": "NixOS",
        "ref": "nixos-unstable",
        "repo": "nixpkgs",
        "type": "github"
      }
    },
    "nixvim": {
      "inputs": {
        "devshell": "devshell",
        "flake-compat": "flake-compat",
        "flake-parts": "flake-parts_2",
        "git-hooks": "git-hooks",
        "home-manager": "home-manager",
        "nix-darwin": "nix-darwin",
        "nixpkgs": "nixpkgs_2",
        "nuschtosSearch": "nuschtosSearch",
        "treefmt-nix": "treefmt-nix"
      },
      "locked": {
        "lastModified": 1728829992,
        "narHash": "sha256-722PdOQ4uTTAOyS3Ze4H7LXDNVi9FecKbLEvj3Qu0hM=",
        "owner": "nix-community",
        "repo": "nixvim",
        "rev": "619e24366e8ad34230d65a323d26ca981bfa6927",
        "type": "github"
      },
      "original": {
        "owner": "nix-community",
        "repo": "nixvim",
        "type": "github"
      }
    },
    "nuschtosSearch": {
      "inputs": {
        "flake-utils": "flake-utils",
        "nixpkgs": [
          "nixvim",
          "nixpkgs"
        ]
      },
      "locked": {
        "lastModified": 1728701796,
        "narHash": "sha256-FTDCOUnq+gdnHC3p5eisv1X1mMtKJDNMegwpZjRzQKY=",
        "owner": "NuschtOS",
        "repo": "search",
        "rev": "9578d865b081c29ae98131caf7d2f69a42f0ca6e",
        "type": "github"
      },
      "original": {
        "owner": "NuschtOS",
        "repo": "search",
        "type": "github"
      }
    },
    "plugin-avante": {
      "flake": false,
      "locked": {
        "lastModified": 1728908111,
        "narHash": "sha256-1rrig+4AbGq2LyjRvkOAg/7ld3PBN7iq42pUm4Ao+64=",
        "owner": "yetone",
        "repo": "avante.nvim",
        "rev": "b19573cb2a8e30662e2245c3bfbb6e22d09d0905",
        "type": "github"
      },
      "original": {
        "owner": "yetone",
        "repo": "avante.nvim",
        "type": "github"
      }
    },
    "plugin-kulala": {
      "flake": false,
      "locked": {
        "lastModified": 1728868133,
        "narHash": "sha256-Wc9/cV9/liY/g+9IQi6rYyiFJLDzdEp3M3ThvcSOGfE=",
        "owner": "mistweaverco",
        "repo": "kulala.nvim",
        "rev": "c7a2c793dca8509f9792e9d35d377de016c88a5b",
        "type": "github"
      },
      "original": {
        "owner": "mistweaverco",
        "repo": "kulala.nvim",
        "type": "github"
      }
    },
    "plugin-nui": {
      "flake": false,
      "locked": {
        "lastModified": 1726376728,
        "narHash": "sha256-90Wq+vT361mTaGU/SvAezqJkX9HHmZ2GI2fKBDxPn04=",
        "owner": "MunifTanjim",
        "repo": "nui.nvim",
        "rev": "b58e2bfda5cea347c9d58b7f11cf3012c7b3953f",
        "type": "github"
      },
      "original": {
        "owner": "MunifTanjim",
        "repo": "nui.nvim",
        "type": "github"
      }
    },
    "plugin-nui-components": {
      "flake": false,
      "locked": {
        "lastModified": 1715445364,
        "narHash": "sha256-knJC3zhNy7H7NpQ7olBAqJzSk/b3uWXBFE+6XCqY840=",
        "owner": "grapp-dev",
        "repo": "nui-components.nvim",
        "rev": "caecfe2089e5ffbe99c2b0e0468da91990263a90",
        "type": "github"
      },
      "original": {
        "owner": "grapp-dev",
        "repo": "nui-components.nvim",
        "type": "github"
      }
    },
    "plugin-render-markdown": {
      "flake": false,
      "locked": {
        "lastModified": 1728851430,
        "narHash": "sha256-0OhVFwIJkpi4HucfyRZ4sJjxyR7vSHGy7+cuzsYW1LM=",
        "owner": "MeanderingProgrammer",
        "repo": "render-markdown.nvim",
        "rev": "317df8708ce0238b142317a42ab55a66a2fa8650",
        "type": "github"
      },
      "original": {
        "owner": "MeanderingProgrammer",
        "repo": "render-markdown.nvim",
        "type": "github"
      }
    },
    "plugin-surround": {
      "flake": false,
      "locked": {
        "lastModified": 1665378293,
        "narHash": "sha256-3A5KxgG54Gnp/anPYn+hkYzI4y5mV8qwu/MB/lIaWy4=",
        "owner": "ur4ltz",
        "repo": "surround.nvim",
        "rev": "36c253d6470910692491b13382f54c9bab2811e1",
        "type": "github"
      },
      "original": {
        "owner": "ur4ltz",
        "repo": "surround.nvim",
        "type": "github"
      }
    },
    "plugin-taskwarrior": {
      "flake": false,
      "locked": {
        "lastModified": 1727833159,
        "narHash": "sha256-hP8D716O2JiUv/tPPQCBNc1jZw6/dLuqYvXeCYhzK7Q=",
        "owner": "huantrinh1802",
        "repo": "m_taskwarrior_d.nvim",
        "rev": "d0cf7a7e882e308ab203d9973ce3147a328258f7",
        "type": "github"
      },
      "original": {
        "owner": "huantrinh1802",
        "repo": "m_taskwarrior_d.nvim",
        "type": "github"
      }
    },
    "plugin-tokyodark": {
      "flake": false,
      "locked": {
        "lastModified": 1717611113,
        "narHash": "sha256-c5D+Lj7lSF1cAcmKECJy2wA9woStBE1ARrY2y48MMDw=",
        "owner": "tiagovla",
        "repo": "tokyodark.nvim",
        "rev": "14bc1b3e596878a10647af7c82de7736300f3322",
        "type": "github"
      },
      "original": {
        "owner": "tiagovla",
        "repo": "tokyodark.nvim",
        "type": "github"
      }
    },
    "plugin-treesitter": {
      "flake": false,
      "locked": {
        "lastModified": 1726665220,
        "narHash": "sha256-DYVFF0uce6b0s5rsNTjTemmNT0yIW7ExizLeek4Hl08=",
        "owner": "BasileusErwin",
        "repo": "nvim-treesitter",
        "rev": "c6ce9f46cd0cf4d48a8a139062fd8903fc9df7c7",
        "type": "github"
      },
      "original": {
        "owner": "BasileusErwin",
        "repo": "nvim-treesitter",
        "type": "github"
      }
    },
    "root": {
      "inputs": {
        "flake-parts": "flake-parts",
        "nixpkgs": "nixpkgs",
        "nixvim": "nixvim",
        "plugin-avante": "plugin-avante",
        "plugin-kulala": "plugin-kulala",
        "plugin-nui": "plugin-nui",
        "plugin-nui-components": "plugin-nui-components",
        "plugin-render-markdown": "plugin-render-markdown",
        "plugin-surround": "plugin-surround",
        "plugin-taskwarrior": "plugin-taskwarrior",
        "plugin-tokyodark": "plugin-tokyodark",
        "plugin-treesitter": "plugin-treesitter"
      }
    },
    "systems": {
      "locked": {
        "lastModified": 1681028828,
        "narHash": "sha256-Vy1rq5AaRuLzOxct8nz4T6wlgyUR7zLU309k9mBC768=",
        "owner": "nix-systems",
        "repo": "default",
        "rev": "da67096a3b9bf56a91d16901293e51ba5b49a27e",
        "type": "github"
      },
      "original": {
        "owner": "nix-systems",
        "repo": "default",
        "type": "github"
      }
    },
    "treefmt-nix": {
      "inputs": {
        "nixpkgs": [
          "nixvim",
          "nixpkgs"
        ]
      },
      "locked": {
        "lastModified": 1727984844,
        "narHash": "sha256-xpRqITAoD8rHlXQafYZOLvUXCF6cnZkPfoq67ThN0Hc=",
        "owner": "numtide",
        "repo": "treefmt-nix",
        "rev": "4446c7a6fc0775df028c5a3f6727945ba8400e64",
        "type": "github"
      },
      "original": {
        "owner": "numtide",
        "repo": "treefmt-nix",
        "type": "github"
      }
    }
  },
  "root": "root",
  "version": 7
}
