{
  "nodes": {
    "devshell": {
      "inputs": {
        "nixpkgs": [
          "nixvim",
          "nixpkgs"
        ]
      },
      "locked": {
        "lastModified": 1722113426,
        "narHash": "sha256-Yo/3loq572A8Su6aY5GP56knpuKYRvM2a1meP9oJZCw=",
        "owner": "numtide",
        "repo": "devshell",
        "rev": "67cce7359e4cd3c45296fb4aaf6a19e2a9c757ae",
        "type": "github"
      },
      "original": {
        "owner": "numtide",
        "repo": "devshell",
        "type": "github"
      }
    },
    "flake-compat": {
      "locked": {
        "lastModified": 1696426674,
        "narHash": "sha256-kvjfFW7WAETZlt09AgDn1MrtKzP7t90Vf7vypd3OL1U=",
        "rev": "0f9255e01c2351cc7d116c072cb317785dd33b33",
        "revCount": 57,
        "type": "tarball",
        "url": "https://api.flakehub.com/f/pinned/edolstra/flake-compat/1.0.1/018afb31-abd1-7bff-a5e4-cff7e18efb7a/source.tar.gz"
      },
      "original": {
        "type": "tarball",
        "url": "https://flakehub.com/f/edolstra/flake-compat/1.tar.gz"
      }
    },
    "flake-parts": {
      "inputs": {
        "nixpkgs-lib": "nixpkgs-lib"
      },
      "locked": {
        "lastModified": 1727826117,
        "narHash": "sha256-K5ZLCyfO/Zj9mPFldf3iwS6oZStJcU4tSpiXTMYaaL0=",
        "owner": "hercules-ci",
        "repo": "flake-parts",
        "rev": "3d04084d54bedc3d6b8b736c70ef449225c361b1",
        "type": "github"
      },
      "original": {
        "owner": "hercules-ci",
        "repo": "flake-parts",
        "type": "github"
      }
    },
    "flake-parts_2": {
      "inputs": {
        "nixpkgs-lib": [
          "nixvim",
          "nixpkgs"
        ]
      },
      "locked": {
        "lastModified": 1727826117,
        "narHash": "sha256-K5ZLCyfO/Zj9mPFldf3iwS6oZStJcU4tSpiXTMYaaL0=",
        "owner": "hercules-ci",
        "repo": "flake-parts",
        "rev": "3d04084d54bedc3d6b8b736c70ef449225c361b1",
        "type": "github"
      },
      "original": {
        "owner": "hercules-ci",
        "repo": "flake-parts",
        "type": "github"
      }
    },
    "flake-utils": {
      "inputs": {
        "systems": "systems"
      },
      "locked": {
        "lastModified": 1726560853,
        "narHash": "sha256-X6rJYSESBVr3hBoH0WbKE5KvhPU5bloyZ2L4K60/fPQ=",
        "owner": "numtide",
        "repo": "flake-utils",
        "rev": "c1dfcf08411b08f6b8615f7d8971a2bfa81d5e8a",
        "type": "github"
      },
      "original": {
        "owner": "numtide",
        "repo": "flake-utils",
        "type": "github"
      }
    },
    "git-hooks": {
      "inputs": {
        "flake-compat": [
          "nixvim",
          "flake-compat"
        ],
        "gitignore": "gitignore",
        "nixpkgs": [
          "nixvim",
          "nixpkgs"
        ],
        "nixpkgs-stable": [
          "nixvim",
          "nixpkgs"
        ]
      },
      "locked": {
        "lastModified": 1728092656,
        "narHash": "sha256-eMeCTJZ5xBeQ0f9Os7K8DThNVSo9gy4umZLDfF5q6OM=",
        "owner": "cachix",
        "repo": "git-hooks.nix",
        "rev": "1211305a5b237771e13fcca0c51e60ad47326a9a",
        "type": "github"
      },
      "original": {
        "owner": "cachix",
        "repo": "git-hooks.nix",
        "type": "github"
      }
    },
    "gitignore": {
      "inputs": {
        "nixpkgs": [
          "nixvim",
          "git-hooks",
          "nixpkgs"
        ]
      },
      "locked": {
        "lastModified": 1709087332,
        "narHash": "sha256-HG2cCnktfHsKV0s4XW83gU3F57gaTljL9KNSuG6bnQs=",
        "owner": "hercules-ci",
        "repo": "gitignore.nix",
        "rev": "637db329424fd7e46cf4185293b9cc8c88c95394",
        "type": "github"
      },
      "original": {
        "owner": "hercules-ci",
        "repo": "gitignore.nix",
        "type": "github"
      }
    },
    "home-manager": {
      "inputs": {
        "nixpkgs": [
          "nixvim",
          "nixpkgs"
        ]
      },
      "locked": {
        "lastModified": 1728041527,
        "narHash": "sha256-03liqiJtk9UP7YQHW4r8MduKCK242FQzud8iWvvlK+o=",
        "owner": "nix-community",
        "repo": "home-manager",
        "rev": "509dbf8d45606b618e9ec3bbe4e936b7c5bc6c1e",
        "type": "github"
      },
      "original": {
        "owner": "nix-community",
        "repo": "home-manager",
        "type": "github"
      }
    },
    "nix-darwin": {
      "inputs": {
        "nixpkgs": [
          "nixvim",
          "nixpkgs"
        ]
      },
      "locked": {
        "lastModified": 1727999297,
        "narHash": "sha256-LTJuQPCsSItZ/8TieFeP30iY+uaLoD0mT0tAj1gLeyQ=",
        "owner": "lnl7",
        "repo": "nix-darwin",
        "rev": "8c8388ade72e58efdeae71b4cbb79e872c23a56b",
        "type": "github"
      },
      "original": {
        "owner": "lnl7",
        "repo": "nix-darwin",
        "type": "github"
      }
    },
    "nixpkgs": {
      "locked": {
        "lastModified": 1728018373,
        "narHash": "sha256-NOiTvBbRLIOe5F6RbHaAh6++BNjsb149fGZd1T4+KBg=",
        "owner": "nixos",
        "repo": "nixpkgs",
        "rev": "bc947f541ae55e999ffdb4013441347d83b00feb",
        "type": "github"
      },
      "original": {
        "owner": "nixos",
        "ref": "nixos-unstable",
        "repo": "nixpkgs",
        "type": "github"
      }
    },
    "nixpkgs-lib": {
      "locked": {
        "lastModified": 1727825735,
        "narHash": "sha256-0xHYkMkeLVQAMa7gvkddbPqpxph+hDzdu1XdGPJR+Os=",
        "type": "tarball",
        "url": "https://github.com/NixOS/nixpkgs/archive/fb192fec7cc7a4c26d51779e9bab07ce6fa5597a.tar.gz"
      },
      "original": {
        "type": "tarball",
        "url": "https://github.com/NixOS/nixpkgs/archive/fb192fec7cc7a4c26d51779e9bab07ce6fa5597a.tar.gz"
      }
    },
    "nixpkgs_2": {
      "locked": {
        "lastModified": 1728018373,
        "narHash": "sha256-NOiTvBbRLIOe5F6RbHaAh6++BNjsb149fGZd1T4+KBg=",
        "owner": "NixOS",
        "repo": "nixpkgs",
        "rev": "bc947f541ae55e999ffdb4013441347d83b00feb",
        "type": "github"
      },
      "original": {
        "owner": "NixOS",
        "ref": "nixos-unstable",
        "repo": "nixpkgs",
        "type": "github"
      }
    },
    "nixvim": {
      "inputs": {
        "devshell": "devshell",
        "flake-compat": "flake-compat",
        "flake-parts": "flake-parts_2",
        "git-hooks": "git-hooks",
        "home-manager": "home-manager",
        "nix-darwin": "nix-darwin",
        "nixpkgs": "nixpkgs_2",
        "nuschtosSearch": "nuschtosSearch",
        "treefmt-nix": "treefmt-nix"
      },
      "locked": {
        "lastModified": 1728176751,
        "narHash": "sha256-hVmdzrZMFC/5q3dSjbKX9qocWN9coPBhs8muLsL3738=",
        "owner": "nix-community",
        "repo": "nixvim",
        "rev": "d42c804ad515f45f8addaf5a4bb0b8ce405ea140",
        "type": "github"
      },
      "original": {
        "owner": "nix-community",
        "repo": "nixvim",
        "type": "github"
      }
    },
    "nuschtosSearch": {
      "inputs": {
        "flake-utils": "flake-utils",
        "nixpkgs": [
          "nixvim",
          "nixpkgs"
        ]
      },
      "locked": {
        "lastModified": 1728017046,
        "narHash": "sha256-ofWYux/uUAv8wq7sWw8XWke0sh8p4qYxSOn8d+EaJ8c=",
        "owner": "NuschtOS",
        "repo": "search",
        "rev": "ba81d9c1eae20fc3a1cd066062a05ac2e799e629",
        "type": "github"
      },
      "original": {
        "owner": "NuschtOS",
        "repo": "search",
        "type": "github"
      }
    },
    "plugin-avante": {
      "flake": false,
      "locked": {
        "lastModified": 1728121755,
        "narHash": "sha256-AzWO/2K4SO4dNUFhCquQrx5siUw2UsDSK8UIacPDOnk=",
        "owner": "yetone",
        "repo": "avante.nvim",
        "rev": "c3848d086c415c0492fc042b367036763f76fa4c",
        "type": "github"
      },
      "original": {
        "owner": "yetone",
        "repo": "avante.nvim",
        "type": "github"
      }
    },
    "plugin-kulala": {
      "flake": false,
      "locked": {
        "lastModified": 1728218818,
        "narHash": "sha256-KlnUXB1tACZF8qKGSxoklvR7bgR9ZLFVsLuVbtyJbTs=",
        "owner": "mistweaverco",
        "repo": "kulala.nvim",
        "rev": "0c88376d5dbed269a69c6de764fcc798c3c1e200",
        "type": "github"
      },
      "original": {
        "owner": "mistweaverco",
        "repo": "kulala.nvim",
        "type": "github"
      }
    },
    "plugin-nui": {
      "flake": false,
      "locked": {
        "lastModified": 1726376728,
        "narHash": "sha256-90Wq+vT361mTaGU/SvAezqJkX9HHmZ2GI2fKBDxPn04=",
        "owner": "MunifTanjim",
        "repo": "nui.nvim",
        "rev": "b58e2bfda5cea347c9d58b7f11cf3012c7b3953f",
        "type": "github"
      },
      "original": {
        "owner": "MunifTanjim",
        "repo": "nui.nvim",
        "type": "github"
      }
    },
    "plugin-nui-components": {
      "flake": false,
      "locked": {
        "lastModified": 1715445364,
        "narHash": "sha256-knJC3zhNy7H7NpQ7olBAqJzSk/b3uWXBFE+6XCqY840=",
        "owner": "grapp-dev",
        "repo": "nui-components.nvim",
        "rev": "caecfe2089e5ffbe99c2b0e0468da91990263a90",
        "type": "github"
      },
      "original": {
        "owner": "grapp-dev",
        "repo": "nui-components.nvim",
        "type": "github"
      }
    },
    "plugin-render-markdown": {
      "flake": false,
      "locked": {
        "lastModified": 1728046164,
        "narHash": "sha256-n/sMiz6ztfzAwidL7CaRaUW5m07i9i6cemthE1L4Pes=",
        "owner": "MeanderingProgrammer",
        "repo": "render-markdown.nvim",
        "rev": "fe1002fddc61207e4ef4325d4bc0ca33697bbc7a",
        "type": "github"
      },
      "original": {
        "owner": "MeanderingProgrammer",
        "repo": "render-markdown.nvim",
        "type": "github"
      }
    },
    "plugin-surround": {
      "flake": false,
      "locked": {
        "lastModified": 1665378293,
        "narHash": "sha256-3A5KxgG54Gnp/anPYn+hkYzI4y5mV8qwu/MB/lIaWy4=",
        "owner": "ur4ltz",
        "repo": "surround.nvim",
        "rev": "36c253d6470910692491b13382f54c9bab2811e1",
        "type": "github"
      },
      "original": {
        "owner": "ur4ltz",
        "repo": "surround.nvim",
        "type": "github"
      }
    },
    "plugin-taskwarrior": {
      "flake": false,
      "locked": {
        "lastModified": 1727833159,
        "narHash": "sha256-hP8D716O2JiUv/tPPQCBNc1jZw6/dLuqYvXeCYhzK7Q=",
        "owner": "huantrinh1802",
        "repo": "m_taskwarrior_d.nvim",
        "rev": "d0cf7a7e882e308ab203d9973ce3147a328258f7",
        "type": "github"
      },
      "original": {
        "owner": "huantrinh1802",
        "repo": "m_taskwarrior_d.nvim",
        "type": "github"
      }
    },
    "plugin-tokyodark": {
      "flake": false,
      "locked": {
        "lastModified": 1717611113,
        "narHash": "sha256-c5D+Lj7lSF1cAcmKECJy2wA9woStBE1ARrY2y48MMDw=",
        "owner": "tiagovla",
        "repo": "tokyodark.nvim",
        "rev": "14bc1b3e596878a10647af7c82de7736300f3322",
        "type": "github"
      },
      "original": {
        "owner": "tiagovla",
        "repo": "tokyodark.nvim",
        "type": "github"
      }
    },
    "plugin-treesitter": {
      "flake": false,
      "locked": {
        "lastModified": 1726665220,
        "narHash": "sha256-DYVFF0uce6b0s5rsNTjTemmNT0yIW7ExizLeek4Hl08=",
        "owner": "BasileusErwin",
        "repo": "nvim-treesitter",
        "rev": "c6ce9f46cd0cf4d48a8a139062fd8903fc9df7c7",
        "type": "github"
      },
      "original": {
        "owner": "BasileusErwin",
        "repo": "nvim-treesitter",
        "type": "github"
      }
    },
    "root": {
      "inputs": {
        "flake-parts": "flake-parts",
        "nixpkgs": "nixpkgs",
        "nixvim": "nixvim",
        "plugin-avante": "plugin-avante",
        "plugin-kulala": "plugin-kulala",
        "plugin-nui": "plugin-nui",
        "plugin-nui-components": "plugin-nui-components",
        "plugin-render-markdown": "plugin-render-markdown",
        "plugin-surround": "plugin-surround",
        "plugin-taskwarrior": "plugin-taskwarrior",
        "plugin-tokyodark": "plugin-tokyodark",
        "plugin-treesitter": "plugin-treesitter"
      }
    },
    "systems": {
      "locked": {
        "lastModified": 1681028828,
        "narHash": "sha256-Vy1rq5AaRuLzOxct8nz4T6wlgyUR7zLU309k9mBC768=",
        "owner": "nix-systems",
        "repo": "default",
        "rev": "da67096a3b9bf56a91d16901293e51ba5b49a27e",
        "type": "github"
      },
      "original": {
        "owner": "nix-systems",
        "repo": "default",
        "type": "github"
      }
    },
    "treefmt-nix": {
      "inputs": {
        "nixpkgs": [
          "nixvim",
          "nixpkgs"
        ]
      },
      "locked": {
        "lastModified": 1727984844,
        "narHash": "sha256-xpRqITAoD8rHlXQafYZOLvUXCF6cnZkPfoq67ThN0Hc=",
        "owner": "numtide",
        "repo": "treefmt-nix",
        "rev": "4446c7a6fc0775df028c5a3f6727945ba8400e64",
        "type": "github"
      },
      "original": {
        "owner": "numtide",
        "repo": "treefmt-nix",
        "type": "github"
      }
    }
  },
  "root": "root",
  "version": 7
}
